{
  "name": "better-tasklist",
  "version": "1.0.1",
  "lockfileVersion": 2,
  "requires": true,
  "packages": {
    "": {
      "name": "better-tasklist",
      "version": "1.0.1",
      "license": "MIT",
      "dependencies": {
        "@types/colors": "^1.2.1",
        "colors": "^1.4.0"
      },
      "devDependencies": {
        "@types/node": "^14.14.7",
        "csv": "^6.2.0",
        "csv-parser": "^3.0.0",
        "typescript": "^4.0.5"
      }
    },
    "node_modules/@types/colors": {
      "version": "1.2.1",
      "resolved": "https://registry.npmjs.org/@types/colors/-/colors-1.2.1.tgz",
      "integrity": "sha512-7jNkpfN2lVO07nJ1RWzyMnNhH/I5N9iWuMPx9pedptxJ4MODf8rRV0lbJi6RakQ4sKQk231Fw4e2W9n3D7gZ3w==",
      "deprecated": "This is a stub types definition. colors provides its own type definitions, so you don't need this installed.",
      "dependencies": {
        "colors": "*"
      }
    },
    "node_modules/@types/node": {
      "version": "14.18.24",
      "resolved": "https://registry.npmjs.org/@types/node/-/node-14.18.24.tgz",
      "integrity": "sha512-aJdn8XErcSrfr7k8ZDDfU6/2OgjZcB2Fu9d+ESK8D7Oa5mtsv8Fa8GpcwTA0v60kuZBaalKPzuzun4Ov1YWO/w==",
      "dev": true
    },
    "node_modules/colors": {
      "version": "1.4.0",
      "resolved": "https://registry.npmjs.org/colors/-/colors-1.4.0.tgz",
      "integrity": "sha512-a+UqTh4kgZg/SlGvfbzDHpgRu7AAQOmmqRHJnxhRZICKFUT91brVhNNt58CMWU9PsBbv3PDCZUHbVxuDiH2mtA==",
      "engines": {
        "node": ">=0.1.90"
      }
    },
    "node_modules/csv": {
      "version": "6.2.0",
      "resolved": "https://registry.npmjs.org/csv/-/csv-6.2.0.tgz",
      "integrity": "sha512-yT7dkCsJLJ36NUW0d0ei7parOcUCx/QVkK77puwA/rF4bMciTB5Kf+wuegL+7zh8s6revFM+BFQ2h+U2k4jgBQ==",
      "dev": true,
      "dependencies": {
        "csv-generate": "^4.2.0",
        "csv-parse": "^5.3.0",
        "csv-stringify": "^6.2.0",
        "stream-transform": "^3.2.0"
      },
      "engines": {
        "node": ">= 0.1.90"
      }
    },
    "node_modules/csv-generate": {
      "version": "4.2.0",
      "resolved": "https://registry.npmjs.org/csv-generate/-/csv-generate-4.2.0.tgz",
      "integrity": "sha512-zlIESlGQaYqIhNYwBN2pj5KXNMYbAXZYMOgNoVSoYV8MQyGZwcNWX+kx5LHxocp+zQDqzSgeKh+e+AZs+nCq4Q==",
      "dev": true
    },
    "node_modules/csv-parse": {
      "version": "5.3.0",
      "resolved": "https://registry.npmjs.org/csv-parse/-/csv-parse-5.3.0.tgz",
      "integrity": "sha512-UXJCGwvJ2fep39purtAn27OUYmxB1JQto+zhZ4QlJpzsirtSFbzLvip1aIgziqNdZp/TptvsKEV5BZSxe10/DQ==",
      "dev": true
    },
    "node_modules/csv-parser": {
      "version": "3.0.0",
      "resolved": "https://registry.npmjs.org/csv-parser/-/csv-parser-3.0.0.tgz",
      "integrity": "sha512-s6OYSXAK3IdKqYO33y09jhypG/bSDHPuyCme/IdEHfWpLf/jKcpitVFyOC6UemgGk8v7Q5u2XE0vvwmanxhGlQ==",
      "dev": true,
      "dependencies": {
        "minimist": "^1.2.0"
      },
      "bin": {
        "csv-parser": "bin/csv-parser"
      },
      "engines": {
        "node": ">= 10"
      }
    },
    "node_modules/csv-stringify": {
      "version": "6.2.0",
      "resolved": "https://registry.npmjs.org/csv-stringify/-/csv-stringify-6.2.0.tgz",
      "integrity": "sha512-dcUbQLRTTDcgQxgEU8V9IctkaCwHZjZfzUZ5ZB3RY8Y+pXtdtl5iVQHfGzANytFFkRKanYzBXrkfpNdGR7eviA==",
      "dev": true
    },
    "node_modules/minimist": {
      "version": "1.2.6",
      "resolved": "https://registry.npmjs.org/minimist/-/minimist-1.2.6.tgz",
      "integrity": "sha512-Jsjnk4bw3YJqYzbdyBiNsPWHPfO++UGG749Cxs6peCu5Xg4nrena6OVxOYxrQTqww0Jmwt+Ref8rggumkTLz9Q==",
      "dev": true
    },
    "node_modules/stream-transform": {
      "version": "3.2.0",
      "resolved": "https://registry.npmjs.org/stream-transform/-/stream-transform-3.2.0.tgz",
      "integrity": "sha512-M22v88wNknyJiIyHYoiIYI5RPl/R7tkf92j1YNkmrbe5XRGHW0jW8n458j1njOrR4Edcj8bwbpSV0iLIWon1hg==",
      "dev": true
    },
    "node_modules/typescript": {
      "version": "4.7.4",
      "resolved": "https://registry.npmjs.org/typescript/-/typescript-4.7.4.tgz",
      "integrity": "sha512-C0WQT0gezHuw6AdY1M2jxUO83Rjf0HP7Sk1DtXj6j1EwkQNZrHAg2XPWlq62oqEhYvONq5pkC2Y9oPljWToLmQ==",
      "dev": true,
      "bin": {
        "tsc": "bin/tsc",
        "tsserver": "bin/tsserver"
      },
      "engines": {
        "node": ">=4.2.0"
      }
    }
  },
  "dependencies": {
    "@types/colors": {
      "version": "1.2.1",
      "resolved": "https://registry.npmjs.org/@types/colors/-/colors-1.2.1.tgz",
      "integrity": "sha512-7jNkpfN2lVO07nJ1RWzyMnNhH/I5N9iWuMPx9pedptxJ4MODf8rRV0lbJi6RakQ4sKQk231Fw4e2W9n3D7gZ3w==",
      "requires": {
        "colors": "*"
      }
    },
    "@types/node": {
      "version": "14.18.24",
      "resolved": "https://registry.npmjs.org/@types/node/-/node-14.18.24.tgz",
      "integrity": "sha512-aJdn8XErcSrfr7k8ZDDfU6/2OgjZcB2Fu9d+ESK8D7Oa5mtsv8Fa8GpcwTA0v60kuZBaalKPzuzun4Ov1YWO/w==",
      "dev": true
    },
    "colors": {
      "version": "1.4.0",
      "resolved": "https://registry.npmjs.org/colors/-/colors-1.4.0.tgz",
      "integrity": "sha512-a+UqTh4kgZg/SlGvfbzDHpgRu7AAQOmmqRHJnxhRZICKFUT91brVhNNt58CMWU9PsBbv3PDCZUHbVxuDiH2mtA=="
    },
    "csv": {
      "version": "6.2.0",
      "resolved": "https://registry.npmjs.org/csv/-/csv-6.2.0.tgz",
      "integrity": "sha512-yT7dkCsJLJ36NUW0d0ei7parOcUCx/QVkK77puwA/rF4bMciTB5Kf+wuegL+7zh8s6revFM+BFQ2h+U2k4jgBQ==",
      "dev": true,
      "requires": {
        "csv-generate": "^4.2.0",
        "csv-parse": "^5.3.0",
        "csv-stringify": "^6.2.0",
        "stream-transform": "^3.2.0"
      }
    },
    "csv-generate": {
      "version": "4.2.0",
      "resolved": "https://registry.npmjs.org/csv-generate/-/csv-generate-4.2.0.tgz",
      "integrity": "sha512-zlIESlGQaYqIhNYwBN2pj5KXNMYbAXZYMOgNoVSoYV8MQyGZwcNWX+kx5LHxocp+zQDqzSgeKh+e+AZs+nCq4Q==",
      "dev": true
    },
    "csv-parse": {
      "version": "5.3.0",
      "resolved": "https://registry.npmjs.org/csv-parse/-/csv-parse-5.3.0.tgz",
      "integrity": "sha512-UXJCGwvJ2fep39purtAn27OUYmxB1JQto+zhZ4QlJpzsirtSFbzLvip1aIgziqNdZp/TptvsKEV5BZSxe10/DQ==",
      "dev": true
    },
    "csv-parser": {
      "version": "3.0.0",
      "resolved": "https://registry.npmjs.org/csv-parser/-/csv-parser-3.0.0.tgz",
      "integrity": "sha512-s6OYSXAK3IdKqYO33y09jhypG/bSDHPuyCme/IdEHfWpLf/jKcpitVFyOC6UemgGk8v7Q5u2XE0vvwmanxhGlQ==",
      "dev": true,
      "requires": {
        "minimist": "^1.2.0"
      }
    },
    "csv-stringify": {
      "version": "6.2.0",
      "resolved": "https://registry.npmjs.org/csv-stringify/-/csv-stringify-6.2.0.tgz",
      "integrity": "sha512-dcUbQLRTTDcgQxgEU8V9IctkaCwHZjZfzUZ5ZB3RY8Y+pXtdtl5iVQHfGzANytFFkRKanYzBXrkfpNdGR7eviA==",
      "dev": true
    },
    "minimist": {
      "version": "1.2.6",
      "resolved": "https://registry.npmjs.org/minimist/-/minimist-1.2.6.tgz",
      "integrity": "sha512-Jsjnk4bw3YJqYzbdyBiNsPWHPfO++UGG749Cxs6peCu5Xg4nrena6OVxOYxrQTqww0Jmwt+Ref8rggumkTLz9Q==",
      "dev": true
    },
    "stream-transform": {
      "version": "3.2.0",
      "resolved": "https://registry.npmjs.org/stream-transform/-/stream-transform-3.2.0.tgz",
      "integrity": "sha512-M22v88wNknyJiIyHYoiIYI5RPl/R7tkf92j1YNkmrbe5XRGHW0jW8n458j1njOrR4Edcj8bwbpSV0iLIWon1hg==",
      "dev": true
    },
    "typescript": {
      "version": "4.7.4",
      "resolved": "https://registry.npmjs.org/typescript/-/typescript-4.7.4.tgz",
      "integrity": "sha512-C0WQT0gezHuw6AdY1M2jxUO83Rjf0HP7Sk1DtXj6j1EwkQNZrHAg2XPWlq62oqEhYvONq5pkC2Y9oPljWToLmQ==",
      "dev": true
    }
  }
}
